{
    "_meta": {
        "hash": {
            "sha256": "b478d5468bc2105aa32b89fecfd865836bdda5c2cbda6f93af5d3ccf471448a6"
        },
        "pipfile-spec": 6,
        "requires": {
            "python_version": "3.6"
        },
        "sources": [
            {
                "name": "pypi",
                "url": "https://pypi.org/simple",
                "verify_ssl": true
            }
        ]
    },
    "default": {
        "python-dotenv": {
            "hashes": [
                "sha256:81822227f771e0cab235a2939f0f265954ac4763cafd806d845801c863bf372f",
                "sha256:92b3123fb2d58a284f76cc92bfe4ee6c502c32ded73e8b051c4f6afc8b6751ed"
            ],
            "index": "pypi",
            "version": "==0.12.0"
        }
    },
    "develop": {}
}
